
Microsoft Visual Studio Solution File, Format Version 12.00
# Visual Studio Version 17
VisualStudioVersion = 17.1.32319.34
MinimumVisualStudioVersion = 10.0.40219.1
Project("{2150E333-8FDC-42A3-9474-1A3956D46DE8}") = "PH.Core", "PH.Core", "{C7F6B211-74D8-42A1-A093-AD1B53D5DDD7}"
EndProject
Project("{9A19103F-16F7-4668-BE54-9A1E7A4F7556}") = "PH.Core", "PH.Basic\PH.Core\PH.Core.csproj", "{A0583F7F-756D-4169-A3AD-7A8591F8A2D3}"
EndProject
Project("{2150E333-8FDC-42A3-9474-1A3956D46DE8}") = "PH.Tools", "PH.Tools", "{75564539-3F37-4FE4-ABE2-D60BF2DEA140}"
EndProject
Project("{9A19103F-16F7-4668-BE54-9A1E7A4F7556}") = "PH.ToolsLibrary", "PH.Basic\PH.ToolsLibrary\PH.ToolsLibrary.csproj", "{EF912E61-9EE1-4EB3-934D-F1DC7F2FB287}"
EndProject
Project("{2150E333-8FDC-42A3-9474-1A3956D46DE8}") = "PH.Extend", "PH.Extend", "{11BB5F6E-E3F4-40F0-A077-7D0949991B23}"
EndProject
Project("{9A19103F-16F7-4668-BE54-9A1E7A4F7556}") = "PH.Aliyun.Service", "PH.Basic\PH.Aliyun.Service\PH.Aliyun.Service.csproj", "{CE8D70C4-6FC4-4DD3-B699-D39400A318D0}"
EndProject
Project("{9A19103F-16F7-4668-BE54-9A1E7A4F7556}") = "PH.Authentication.JwtBearer", "PH.Basic\PH.Authentication.JwtBearer\PH.Authentication.JwtBearer.csproj", "{6EEB21D0-2660-456A-85F2-FEF81526BEF6}"
EndProject
Project("{9A19103F-16F7-4668-BE54-9A1E7A4F7556}") = "PH.Serilog", "PH.Basic\PH.Serilog\PH.Serilog.csproj", "{B05B1EB9-8148-4E2A-A2D8-214940FA3AE5}"
EndProject
Project("{2150E333-8FDC-42A3-9474-1A3956D46DE8}") = "PH.DataStorage", "PH.DataStorage", "{67E69080-F935-44A1-8D7A-7C3DE9B4DA0E}"
EndProject
Project("{2150E333-8FDC-42A3-9474-1A3956D46DE8}") = "File", "File", "{8F10748B-A309-4BFA-AC85-5838667145B9}"
EndProject
Project("{2150E333-8FDC-42A3-9474-1A3956D46DE8}") = "DataBase", "DataBase", "{41326490-40B4-4822-9560-750E43FDD50A}"
EndProject
Project("{9A19103F-16F7-4668-BE54-9A1E7A4F7556}") = "PH.FileStorage", "PH.Basic\PH.FileStorage\PH.FileStorage.csproj", "{B0DA5D47-2332-44D0-BB97-5BD21021ED47}"
EndProject
Project("{2150E333-8FDC-42A3-9474-1A3956D46DE8}") = "PH.Applications", "PH.Applications", "{AC0FEB56-7FBD-4313-8C5B-0E2008896CB5}"
EndProject
Project("{9A19103F-16F7-4668-BE54-9A1E7A4F7556}") = "PH.Web.Core", "PH.Basic\PH.Web.Core\PH.Web.Core.csproj", "{A6FC5C2C-4EBE-40F3-8F02-6E7E92978876}"
EndProject
Project("{9A19103F-16F7-4668-BE54-9A1E7A4F7556}") = "PH.DatabaseAccessor", "PH.Basic\PH.DatabaseAccessor\PH.DatabaseAccessor.csproj", "{3F695403-1782-4ED4-A388-743957FF15C4}"
EndProject
Project("{2150E333-8FDC-42A3-9474-1A3956D46DE8}") = "Blog", "Blog", "{D385DF39-3E4D-4E76-8DE4-E16B5CF0378C}"
EndProject
Project("{9A19103F-16F7-4668-BE54-9A1E7A4F7556}") = "PH.Blog.Web.Entry", "PH.Application\Blog\PH.Blog.Entry\PH.Blog.Web.Entry.csproj", "{3DC4172E-B5CF-4778-A518-46E7CD325BE6}"
EndProject
Project("{9A19103F-16F7-4668-BE54-9A1E7A4F7556}") = "PH.Blog.Contract", "PH.Application\Blog\PH.Blog.Contract\PH.Blog.Contract.csproj", "{BD5D096A-60FA-499A-8CFF-99AACC741590}"
EndProject
Project("{9A19103F-16F7-4668-BE54-9A1E7A4F7556}") = "PH.Blog.Entity", "PH.Application\Blog\PH.Blog.Entity\PH.Blog.Entity.csproj", "{9AFBA8F0-2B2B-43ED-828B-0DCFE5B7472C}"
EndProject
Project("{9A19103F-16F7-4668-BE54-9A1E7A4F7556}") = "PH.Blog.Application", "PH.Application\Blog\PH.Blog.Application\PH.Blog.Application.csproj", "{DE55CE65-BE7C-4CBB-87AC-F067FDAC55BE}"
EndProject
Project("{9A19103F-16F7-4668-BE54-9A1E7A4F7556}") = "PH.EntityFrameworkCore", "PH.Application\Blog\PH.EntityFrameworkCore\PH.EntityFrameworkCore.csproj", "{EDB908BD-9299-4ABF-862A-DDB9D6F48E2C}"
EndProject
Project("{9A19103F-16F7-4668-BE54-9A1E7A4F7556}") = "PH.Blog.Web.Core", "PH.Application\Blog\PH.Blog.Core\PH.Blog.Web.Core.csproj", "{7C2B6BE1-0DA9-442A-AA2B-DF1E9A938E5E}"
EndProject
Project("{9A19103F-16F7-4668-BE54-9A1E7A4F7556}") = "PH.Wechat", "PH.Basic\PH.Wechat\PH.Wechat.csproj", "{E6A63247-B963-4764-BA7D-1DD588C8E84E}"
EndProject
Project("{2150E333-8FDC-42A3-9474-1A3956D46DE8}") = "PH.UnitTest", "PH.UnitTest", "{28A01EB9-547B-43AC-B7D2-523360CC0D33}"
EndProject
Project("{9A19103F-16F7-4668-BE54-9A1E7A4F7556}") = "PH.UnitTest", "PH.Basic\PH.UnitTest\PH.UnitTest\PH.UnitTest.csproj", "{22D6C7B6-0056-49B0-8B8C-3AC79A6B4989}"
EndProject
Global
	GlobalSection(SolutionConfigurationPlatforms) = preSolution
		Debug|Any CPU = Debug|Any CPU
		Release|Any CPU = Release|Any CPU
	EndGlobalSection
	GlobalSection(ProjectConfigurationPlatforms) = postSolution
		{A0583F7F-756D-4169-A3AD-7A8591F8A2D3}.Debug|Any CPU.ActiveCfg = Debug|Any CPU
		{A0583F7F-756D-4169-A3AD-7A8591F8A2D3}.Debug|Any CPU.Build.0 = Debug|Any CPU
		{A0583F7F-756D-4169-A3AD-7A8591F8A2D3}.Release|Any CPU.ActiveCfg = Release|Any CPU
		{A0583F7F-756D-4169-A3AD-7A8591F8A2D3}.Release|Any CPU.Build.0 = Release|Any CPU
		{EF912E61-9EE1-4EB3-934D-F1DC7F2FB287}.Debug|Any CPU.ActiveCfg = Debug|Any CPU
		{EF912E61-9EE1-4EB3-934D-F1DC7F2FB287}.Debug|Any CPU.Build.0 = Debug|Any CPU
		{EF912E61-9EE1-4EB3-934D-F1DC7F2FB287}.Release|Any CPU.ActiveCfg = Release|Any CPU
		{EF912E61-9EE1-4EB3-934D-F1DC7F2FB287}.Release|Any CPU.Build.0 = Release|Any CPU
		{CE8D70C4-6FC4-4DD3-B699-D39400A318D0}.Debug|Any CPU.ActiveCfg = Debug|Any CPU
		{CE8D70C4-6FC4-4DD3-B699-D39400A318D0}.Debug|Any CPU.Build.0 = Debug|Any CPU
		{CE8D70C4-6FC4-4DD3-B699-D39400A318D0}.Release|Any CPU.ActiveCfg = Release|Any CPU
		{CE8D70C4-6FC4-4DD3-B699-D39400A318D0}.Release|Any CPU.Build.0 = Release|Any CPU
		{6EEB21D0-2660-456A-85F2-FEF81526BEF6}.Debug|Any CPU.ActiveCfg = Debug|Any CPU
		{6EEB21D0-2660-456A-85F2-FEF81526BEF6}.Debug|Any CPU.Build.0 = Debug|Any CPU
		{6EEB21D0-2660-456A-85F2-FEF81526BEF6}.Release|Any CPU.ActiveCfg = Release|Any CPU
		{6EEB21D0-2660-456A-85F2-FEF81526BEF6}.Release|Any CPU.Build.0 = Release|Any CPU
		{B05B1EB9-8148-4E2A-A2D8-214940FA3AE5}.Debug|Any CPU.ActiveCfg = Debug|Any CPU
		{B05B1EB9-8148-4E2A-A2D8-214940FA3AE5}.Debug|Any CPU.Build.0 = Debug|Any CPU
		{B05B1EB9-8148-4E2A-A2D8-214940FA3AE5}.Release|Any CPU.ActiveCfg = Release|Any CPU
		{B05B1EB9-8148-4E2A-A2D8-214940FA3AE5}.Release|Any CPU.Build.0 = Release|Any CPU
		{B0DA5D47-2332-44D0-BB97-5BD21021ED47}.Debug|Any CPU.ActiveCfg = Debug|Any CPU
		{B0DA5D47-2332-44D0-BB97-5BD21021ED47}.Debug|Any CPU.Build.0 = Debug|Any CPU
		{B0DA5D47-2332-44D0-BB97-5BD21021ED47}.Release|Any CPU.ActiveCfg = Release|Any CPU
		{B0DA5D47-2332-44D0-BB97-5BD21021ED47}.Release|Any CPU.Build.0 = Release|Any CPU
		{A6FC5C2C-4EBE-40F3-8F02-6E7E92978876}.Debug|Any CPU.ActiveCfg = Debug|Any CPU
		{A6FC5C2C-4EBE-40F3-8F02-6E7E92978876}.Debug|Any CPU.Build.0 = Debug|Any CPU
		{A6FC5C2C-4EBE-40F3-8F02-6E7E92978876}.Release|Any CPU.ActiveCfg = Release|Any CPU
		{A6FC5C2C-4EBE-40F3-8F02-6E7E92978876}.Release|Any CPU.Build.0 = Release|Any CPU
		{3F695403-1782-4ED4-A388-743957FF15C4}.Debug|Any CPU.ActiveCfg = Debug|Any CPU
		{3F695403-1782-4ED4-A388-743957FF15C4}.Debug|Any CPU.Build.0 = Debug|Any CPU
		{3F695403-1782-4ED4-A388-743957FF15C4}.Release|Any CPU.ActiveCfg = Release|Any CPU
		{3F695403-1782-4ED4-A388-743957FF15C4}.Release|Any CPU.Build.0 = Release|Any CPU
		{3DC4172E-B5CF-4778-A518-46E7CD325BE6}.Debug|Any CPU.ActiveCfg = Debug|Any CPU
		{3DC4172E-B5CF-4778-A518-46E7CD325BE6}.Debug|Any CPU.Build.0 = Debug|Any CPU
		{3DC4172E-B5CF-4778-A518-46E7CD325BE6}.Release|Any CPU.ActiveCfg = Release|Any CPU
		{3DC4172E-B5CF-4778-A518-46E7CD325BE6}.Release|Any CPU.Build.0 = Release|Any CPU
		{BD5D096A-60FA-499A-8CFF-99AACC741590}.Debug|Any CPU.ActiveCfg = Debug|Any CPU
		{BD5D096A-60FA-499A-8CFF-99AACC741590}.Debug|Any CPU.Build.0 = Debug|Any CPU
		{BD5D096A-60FA-499A-8CFF-99AACC741590}.Release|Any CPU.ActiveCfg = Release|Any CPU
		{BD5D096A-60FA-499A-8CFF-99AACC741590}.Release|Any CPU.Build.0 = Release|Any CPU
		{9AFBA8F0-2B2B-43ED-828B-0DCFE5B7472C}.Debug|Any CPU.ActiveCfg = Debug|Any CPU
		{9AFBA8F0-2B2B-43ED-828B-0DCFE5B7472C}.Debug|Any CPU.Build.0 = Debug|Any CPU
		{9AFBA8F0-2B2B-43ED-828B-0DCFE5B7472C}.Release|Any CPU.ActiveCfg = Release|Any CPU
		{9AFBA8F0-2B2B-43ED-828B-0DCFE5B7472C}.Release|Any CPU.Build.0 = Release|Any CPU
		{DE55CE65-BE7C-4CBB-87AC-F067FDAC55BE}.Debug|Any CPU.ActiveCfg = Debug|Any CPU
		{DE55CE65-BE7C-4CBB-87AC-F067FDAC55BE}.Debug|Any CPU.Build.0 = Debug|Any CPU
		{DE55CE65-BE7C-4CBB-87AC-F067FDAC55BE}.Release|Any CPU.ActiveCfg = Release|Any CPU
		{DE55CE65-BE7C-4CBB-87AC-F067FDAC55BE}.Release|Any CPU.Build.0 = Release|Any CPU
		{EDB908BD-9299-4ABF-862A-DDB9D6F48E2C}.Debug|Any CPU.ActiveCfg = Debug|Any CPU
		{EDB908BD-9299-4ABF-862A-DDB9D6F48E2C}.Debug|Any CPU.Build.0 = Debug|Any CPU
		{EDB908BD-9299-4ABF-862A-DDB9D6F48E2C}.Release|Any CPU.ActiveCfg = Release|Any CPU
		{EDB908BD-9299-4ABF-862A-DDB9D6F48E2C}.Release|Any CPU.Build.0 = Release|Any CPU
		{7C2B6BE1-0DA9-442A-AA2B-DF1E9A938E5E}.Debug|Any CPU.ActiveCfg = Debug|Any CPU
		{7C2B6BE1-0DA9-442A-AA2B-DF1E9A938E5E}.Debug|Any CPU.Build.0 = Debug|Any CPU
		{7C2B6BE1-0DA9-442A-AA2B-DF1E9A938E5E}.Release|Any CPU.ActiveCfg = Release|Any CPU
		{7C2B6BE1-0DA9-442A-AA2B-DF1E9A938E5E}.Release|Any CPU.Build.0 = Release|Any CPU
		{E6A63247-B963-4764-BA7D-1DD588C8E84E}.Debug|Any CPU.ActiveCfg = Debug|Any CPU
		{E6A63247-B963-4764-BA7D-1DD588C8E84E}.Debug|Any CPU.Build.0 = Debug|Any CPU
		{E6A63247-B963-4764-BA7D-1DD588C8E84E}.Release|Any CPU.ActiveCfg = Release|Any CPU
		{E6A63247-B963-4764-BA7D-1DD588C8E84E}.Release|Any CPU.Build.0 = Release|Any CPU
		{22D6C7B6-0056-49B0-8B8C-3AC79A6B4989}.Debug|Any CPU.ActiveCfg = Debug|Any CPU
		{22D6C7B6-0056-49B0-8B8C-3AC79A6B4989}.Debug|Any CPU.Build.0 = Debug|Any CPU
		{22D6C7B6-0056-49B0-8B8C-3AC79A6B4989}.Release|Any CPU.ActiveCfg = Release|Any CPU
		{22D6C7B6-0056-49B0-8B8C-3AC79A6B4989}.Release|Any CPU.Build.0 = Release|Any CPU
	EndGlobalSection
	GlobalSection(SolutionProperties) = preSolution
		HideSolutionNode = FALSE
	EndGlobalSection
	GlobalSection(NestedProjects) = preSolution
		{A0583F7F-756D-4169-A3AD-7A8591F8A2D3} = {C7F6B211-74D8-42A1-A093-AD1B53D5DDD7}
		{EF912E61-9EE1-4EB3-934D-F1DC7F2FB287} = {75564539-3F37-4FE4-ABE2-D60BF2DEA140}
		{CE8D70C4-6FC4-4DD3-B699-D39400A318D0} = {11BB5F6E-E3F4-40F0-A077-7D0949991B23}
		{6EEB21D0-2660-456A-85F2-FEF81526BEF6} = {11BB5F6E-E3F4-40F0-A077-7D0949991B23}
		{B05B1EB9-8148-4E2A-A2D8-214940FA3AE5} = {11BB5F6E-E3F4-40F0-A077-7D0949991B23}
		{8F10748B-A309-4BFA-AC85-5838667145B9} = {67E69080-F935-44A1-8D7A-7C3DE9B4DA0E}
		{41326490-40B4-4822-9560-750E43FDD50A} = {67E69080-F935-44A1-8D7A-7C3DE9B4DA0E}
		{B0DA5D47-2332-44D0-BB97-5BD21021ED47} = {8F10748B-A309-4BFA-AC85-5838667145B9}
		{A6FC5C2C-4EBE-40F3-8F02-6E7E92978876} = {C7F6B211-74D8-42A1-A093-AD1B53D5DDD7}
		{3F695403-1782-4ED4-A388-743957FF15C4} = {41326490-40B4-4822-9560-750E43FDD50A}
		{D385DF39-3E4D-4E76-8DE4-E16B5CF0378C} = {AC0FEB56-7FBD-4313-8C5B-0E2008896CB5}
		{3DC4172E-B5CF-4778-A518-46E7CD325BE6} = {D385DF39-3E4D-4E76-8DE4-E16B5CF0378C}
		{BD5D096A-60FA-499A-8CFF-99AACC741590} = {D385DF39-3E4D-4E76-8DE4-E16B5CF0378C}
		{9AFBA8F0-2B2B-43ED-828B-0DCFE5B7472C} = {D385DF39-3E4D-4E76-8DE4-E16B5CF0378C}
		{DE55CE65-BE7C-4CBB-87AC-F067FDAC55BE} = {D385DF39-3E4D-4E76-8DE4-E16B5CF0378C}
		{EDB908BD-9299-4ABF-862A-DDB9D6F48E2C} = {D385DF39-3E4D-4E76-8DE4-E16B5CF0378C}
		{7C2B6BE1-0DA9-442A-AA2B-DF1E9A938E5E} = {D385DF39-3E4D-4E76-8DE4-E16B5CF0378C}
		{E6A63247-B963-4764-BA7D-1DD588C8E84E} = {11BB5F6E-E3F4-40F0-A077-7D0949991B23}
		{22D6C7B6-0056-49B0-8B8C-3AC79A6B4989} = {28A01EB9-547B-43AC-B7D2-523360CC0D33}
	EndGlobalSection
	GlobalSection(ExtensibilityGlobals) = postSolution
		SolutionGuid = {F91E8AD6-2E2B-4DE2-86E2-B47E5172E559}
	EndGlobalSection
EndGlobal
